# This file is generated by running "yarn install" inside your project.
# Manual changes might be lost - proceed with caution!

__metadata:
  version: 5
  cacheKey: 8

"bit-exporter@workspace:.":
  version: 0.0.0-use.local
  resolution: "bit-exporter@workspace:."
  dependencies:
    jsonc-parser: ^3.0.0
  languageName: unknown
  linkType: soft

"jsonc-parser@npm:^3.0.0":
  version: 3.0.0
  resolution: "jsonc-parser@npm:3.0.0"
  checksum: 1df2326f1f9688de30c70ff19c5b2a83ba3b89a1036160da79821d1361090775e9db502dc57a67c11b56e1186fc1ed70b887f25c5febf9a3ec4f91435836c99d
  languageName: node
  linkType: hard
